
Microsoft Visual Studio Solution File, Format Version 12.00
# Visual Studio Version 17
VisualStudioVersion = 17.3.32922.545
MinimumVisualStudioVersion = 10.0.40219.1
Project("{FAE04EC0-301F-11D3-BF4B-00C04F79EFBC}") = "InventoryManagmentSystem", "InventoryManagmentSystem\InventoryManagmentSystem.csproj", "{6236F310-736F-44C3-9BED-07F4307F8977}"
EndProject
Project("{54435603-DBB4-11D2-8724-00A0C9A8B90C}") = "Inv 4.5.7", "Inv 4.5.7\Inv 4.5.7.vdproj", "{C12E45F6-2B3C-48F3-A0E1-C93A037989BC}"
EndProject
Global
	GlobalSection(SolutionConfigurationPlatforms) = preSolution
		Debug|Any CPU = Debug|Any CPU
		Release|Any CPU = Release|Any CPU
	EndGlobalSection
	GlobalSection(ProjectConfigurationPlatforms) = postSolution
		{6236F310-736F-44C3-9BED-07F4307F8977}.Debug|Any CPU.ActiveCfg = Debug|Any CPU
		{6236F310-736F-44C3-9BED-07F4307F8977}.Debug|Any CPU.Build.0 = Debug|Any CPU
		{6236F310-736F-44C3-9BED-07F4307F8977}.Release|Any CPU.ActiveCfg = Release|Any CPU
		{6236F310-736F-44C3-9BED-07F4307F8977}.Release|Any CPU.Build.0 = Release|Any CPU
		{C12E45F6-2B3C-48F3-A0E1-C93A037989BC}.Debug|Any CPU.ActiveCfg = Debug
		{C12E45F6-2B3C-48F3-A0E1-C93A037989BC}.Release|Any CPU.ActiveCfg = Release
	EndGlobalSection
	GlobalSection(SolutionProperties) = preSolution
		HideSolutionNode = FALSE
	EndGlobalSection
	GlobalSection(ExtensibilityGlobals) = postSolution
		SolutionGuid = {B3AB2231-BE27-4CB7-8044-69102EC731F2}
	EndGlobalSection
EndGlobal
